
Microsoft Visual Studio Solution File, Format Version 12.00
# Visual Studio 15
VisualStudioVersion = 15.0.26430.14
MinimumVisualStudioVersion = 10.0.40219.1
Project("{FAE04EC0-301F-11D3-BF4B-00C04F79EFBC}") = "OnlineStore.Api", "OnlineStore.Api\OnlineStore.Api.csproj", "{BCAEB640-5560-4F8F-B740-7C7D0013C01F}"
EndProject
Project("{FAE04EC0-301F-11D3-BF4B-00C04F79EFBC}") = "OnlineStore.Core", "OnlineStore.Core\OnlineStore.Core.csproj", "{C3C113AC-92F6-4221-89D9-59CC911D61E6}"
EndProject
Project("{FAE04EC0-301F-11D3-BF4B-00C04F79EFBC}") = "OnlineStore.Data", "OnlineStore.Data\OnlineStore.Data.csproj", "{35673B9E-BDC6-4F9D-9DC3-0EA115E27444}"
EndProject
Project("{FAE04EC0-301F-11D3-BF4B-00C04F79EFBC}") = "OnlineStore.Services", "OnlineStore.Services\OnlineStore.Services.csproj", "{2A1E057D-35BD-47AE-A0A8-67B7C3FF7609}"
EndProject
Global
	GlobalSection(SolutionConfigurationPlatforms) = preSolution
		Debug|Any CPU = Debug|Any CPU
		Release|Any CPU = Release|Any CPU
	EndGlobalSection
	GlobalSection(ProjectConfigurationPlatforms) = postSolution
		{BCAEB640-5560-4F8F-B740-7C7D0013C01F}.Debug|Any CPU.ActiveCfg = Debug|Any CPU
		{BCAEB640-5560-4F8F-B740-7C7D0013C01F}.Debug|Any CPU.Build.0 = Debug|Any CPU
		{BCAEB640-5560-4F8F-B740-7C7D0013C01F}.Release|Any CPU.ActiveCfg = Release|Any CPU
		{BCAEB640-5560-4F8F-B740-7C7D0013C01F}.Release|Any CPU.Build.0 = Release|Any CPU
		{C3C113AC-92F6-4221-89D9-59CC911D61E6}.Debug|Any CPU.ActiveCfg = Debug|Any CPU
		{C3C113AC-92F6-4221-89D9-59CC911D61E6}.Debug|Any CPU.Build.0 = Debug|Any CPU
		{C3C113AC-92F6-4221-89D9-59CC911D61E6}.Release|Any CPU.ActiveCfg = Release|Any CPU
		{C3C113AC-92F6-4221-89D9-59CC911D61E6}.Release|Any CPU.Build.0 = Release|Any CPU
		{35673B9E-BDC6-4F9D-9DC3-0EA115E27444}.Debug|Any CPU.ActiveCfg = Debug|Any CPU
		{35673B9E-BDC6-4F9D-9DC3-0EA115E27444}.Debug|Any CPU.Build.0 = Debug|Any CPU
		{35673B9E-BDC6-4F9D-9DC3-0EA115E27444}.Release|Any CPU.ActiveCfg = Release|Any CPU
		{35673B9E-BDC6-4F9D-9DC3-0EA115E27444}.Release|Any CPU.Build.0 = Release|Any CPU
		{2A1E057D-35BD-47AE-A0A8-67B7C3FF7609}.Debug|Any CPU.ActiveCfg = Debug|Any CPU
		{2A1E057D-35BD-47AE-A0A8-67B7C3FF7609}.Debug|Any CPU.Build.0 = Debug|Any CPU
		{2A1E057D-35BD-47AE-A0A8-67B7C3FF7609}.Release|Any CPU.ActiveCfg = Release|Any CPU
		{2A1E057D-35BD-47AE-A0A8-67B7C3FF7609}.Release|Any CPU.Build.0 = Release|Any CPU
	EndGlobalSection
	GlobalSection(SolutionProperties) = preSolution
		HideSolutionNode = FALSE
	EndGlobalSection
EndGlobal
